// !$*UTF8*$!
{
	archiveVersion = 1;
	classes = {
	};
	objectVersion = 46;
	objects = {

/* Begin PBXBuildFile section */
		17B5C329C34E9DDCC439EF24 /* CustomPanel.xib in Resources */ = {isa = PBXBuildFile; fileRef = 17B5C694869B8C78B46BE34D /* CustomPanel.xib */; };
		17B5C54F369CBB62BF2C4476 /* SimplePanel.m in Sources */ = {isa = PBXBuildFile; fileRef = 17B5CA11F97A0728C3B9CB5C /* SimplePanel.m */; };
		17B5C665D2EC7ACD4E611733 /* CustomPanel.m in Sources */ = {isa = PBXBuildFile; fileRef = 17B5C8A7A4E7D94414A13F6C /* CustomPanel.m */; };
		17B5C79D5BD0B976F95C460F /* DemoViewController.m in Sources */ = {isa = PBXBuildFile; fileRef = 17B5CB19C370220E504C7D84 /* DemoViewController.m */; };
		17B5C9E89923AB2CEF0A6093 /* SimplePanelView.m in Sources */ = {isa = PBXBuildFile; fileRef = 17B5CE9E06FD0C304964D0E9 /* SimplePanelView.m */; };
		17B5CD450E51C83A157A7BD2 /* QuartzCore.framework in Frameworks */ = {isa = PBXBuildFile; fileRef = 17B5C06367FA2023948BBB16 /* QuartzCore.framework */; };
		735169D0178A646600920642 /* Storyboard.storyboard in Resources */ = {isa = PBXBuildFile; fileRef = 735169CF178A646600920642 /* Storyboard.storyboard */; };
		735169D2178A689800920642 /* SimplePanel.xib in Resources */ = {isa = PBXBuildFile; fileRef = 735169D1178A689800920642 /* SimplePanel.xib */; };
		73E47A58178A5F3D000C0ED7 /* UIKit.framework in Frameworks */ = {isa = PBXBuildFile; fileRef = 73E47A57178A5F3D000C0ED7 /* UIKit.framework */; };
		73E47A5A178A5F3D000C0ED7 /* Foundation.framework in Frameworks */ = {isa = PBXBuildFile; fileRef = 73E47A59178A5F3D000C0ED7 /* Foundation.framework */; };
		73E47A5C178A5F3D000C0ED7 /* CoreGraphics.framework in Frameworks */ = {isa = PBXBuildFile; fileRef = 73E47A5B178A5F3D000C0ED7 /* CoreGraphics.framework */; };
		73E47A62178A5F3D000C0ED7 /* InfoPlist.strings in Resources */ = {isa = PBXBuildFile; fileRef = 73E47A60178A5F3D000C0ED7 /* InfoPlist.strings */; };
		73E47A64178A5F3D000C0ED7 /* main.m in Sources */ = {isa = PBXBuildFile; fileRef = 73E47A63178A5F3D000C0ED7 /* main.m */; };
		73E47A68178A5F3D000C0ED7 /* AppDelegate.m in Sources */ = {isa = PBXBuildFile; fileRef = 73E47A67178A5F3D000C0ED7 /* AppDelegate.m */; };
		73E47A6A178A5F3D000C0ED7 /* Default.png in Resources */ = {isa = PBXBuildFile; fileRef = 73E47A69178A5F3D000C0ED7 /* Default.png */; };
		73E47A6C178A5F3D000C0ED7 /* Default@2x.png in Resources */ = {isa = PBXBuildFile; fileRef = 73E47A6B178A5F3D000C0ED7 /* Default@2x.png */; };
		73E47A6E178A5F3D000C0ED7 /* Default-568h@2x.png in Resources */ = {isa = PBXBuildFile; fileRef = 73E47A6D178A5F3D000C0ED7 /* Default-568h@2x.png */; };
		73E47A76178A5F3D000C0ED7 /* SenTestingKit.framework in Frameworks */ = {isa = PBXBuildFile; fileRef = 73E47A75178A5F3D000C0ED7 /* SenTestingKit.framework */; };
		73E47A77178A5F3D000C0ED7 /* UIKit.framework in Frameworks */ = {isa = PBXBuildFile; fileRef = 73E47A57178A5F3D000C0ED7 /* UIKit.framework */; };
		73E47A78178A5F3D000C0ED7 /* Foundation.framework in Frameworks */ = {isa = PBXBuildFile; fileRef = 73E47A59178A5F3D000C0ED7 /* Foundation.framework */; };
		73E47A80178A5F3D000C0ED7 /* InfoPlist.strings in Resources */ = {isa = PBXBuildFile; fileRef = 73E47A7E178A5F3D000C0ED7 /* InfoPlist.strings */; };
		73E47A83178A5F3D000C0ED7 /* SimplePanelTests.m in Sources */ = {isa = PBXBuildFile; fileRef = 73E47A82178A5F3D000C0ED7 /* SimplePanelTests.m */; };
/* End PBXBuildFile section */

/* Begin PBXContainerItemProxy section */
		73E47A79178A5F3D000C0ED7 /* PBXContainerItemProxy */ = {
			isa = PBXContainerItemProxy;
			containerPortal = 73E47A4C178A5F3D000C0ED7 /* Project object */;
			proxyType = 1;
			remoteGlobalIDString = 73E47A53178A5F3D000C0ED7;
			remoteInfo = SimplePanel;
		};
/* End PBXContainerItemProxy section */

/* Begin PBXFileReference section */
		17B5C06367FA2023948BBB16 /* QuartzCore.framework */ = {isa = PBXFileReference; lastKnownFileType = wrapper.framework; name = QuartzCore.framework; path = System/Library/Frameworks/QuartzCore.framework; sourceTree = SDKROOT; };
		17B5C4C3229629F054C106FB /* SimplePanel.h */ = {isa = PBXFileReference; fileEncoding = 4; lastKnownFileType = sourcecode.c.h; path = SimplePanel.h; sourceTree = "<group>"; };
		17B5C5349A0A83BDDC085060 /* readme.md */ = {isa = PBXFileReference; lastKnownFileType = file.md; path = readme.md; sourceTree = "<group>"; };
		17B5C679E88B9371E0A1E77F /* DemoViewController.h */ = {isa = PBXFileReference; fileEncoding = 4; lastKnownFileType = sourcecode.c.h; path = DemoViewController.h; sourceTree = "<group>"; };
		17B5C694869B8C78B46BE34D /* CustomPanel.xib */ = {isa = PBXFileReference; lastKnownFileType = file.xib; path = CustomPanel.xib; sourceTree = "<group>"; };
		17B5C8A7A4E7D94414A13F6C /* CustomPanel.m */ = {isa = PBXFileReference; fileEncoding = 4; lastKnownFileType = sourcecode.c.objc; path = CustomPanel.m; sourceTree = "<group>"; };
		17B5CA11F97A0728C3B9CB5C /* SimplePanel.m */ = {isa = PBXFileReference; fileEncoding = 4; lastKnownFileType = sourcecode.c.objc; path = SimplePanel.m; sourceTree = "<group>"; };
		17B5CB19C370220E504C7D84 /* DemoViewController.m */ = {isa = PBXFileReference; fileEncoding = 4; lastKnownFileType = sourcecode.c.objc; path = DemoViewController.m; sourceTree = "<group>"; };
		17B5CCC47DD0305DF6A74452 /* CustomPanel.h */ = {isa = PBXFileReference; fileEncoding = 4; lastKnownFileType = sourcecode.c.h; path = CustomPanel.h; sourceTree = "<group>"; };
		17B5CE9E06FD0C304964D0E9 /* SimplePanelView.m */ = {isa = PBXFileReference; fileEncoding = 4; lastKnownFileType = sourcecode.c.objc; path = SimplePanelView.m; sourceTree = "<group>"; };
		17B5CED7E6E847DA0E226823 /* SimplePanelView.h */ = {isa = PBXFileReference; fileEncoding = 4; lastKnownFileType = sourcecode.c.h; path = SimplePanelView.h; sourceTree = "<group>"; };
		735169CF178A646600920642 /* Storyboard.storyboard */ = {isa = PBXFileReference; fileEncoding = 4; lastKnownFileType = file.storyboard; path = Storyboard.storyboard; sourceTree = "<group>"; };
		735169D1178A689800920642 /* SimplePanel.xib */ = {isa = PBXFileReference; fileEncoding = 4; lastKnownFileType = file.xib; path = SimplePanel.xib; sourceTree = "<group>"; };
		73E47A54178A5F3D000C0ED7 /* SimplePanelDemo.app */ = {isa = PBXFileReference; explicitFileType = wrapper.application; includeInIndex = 0; path = SimplePanelDemo.app; sourceTree = BUILT_PRODUCTS_DIR; };
		73E47A57178A5F3D000C0ED7 /* UIKit.framework */ = {isa = PBXFileReference; lastKnownFileType = wrapper.framework; name = UIKit.framework; path = System/Library/Frameworks/UIKit.framework; sourceTree = SDKROOT; };
		73E47A59178A5F3D000C0ED7 /* Foundation.framework */ = {isa = PBXFileReference; lastKnownFileType = wrapper.framework; name = Foundation.framework; path = System/Library/Frameworks/Foundation.framework; sourceTree = SDKROOT; };
		73E47A5B178A5F3D000C0ED7 /* CoreGraphics.framework */ = {isa = PBXFileReference; lastKnownFileType = wrapper.framework; name = CoreGraphics.framework; path = System/Library/Frameworks/CoreGraphics.framework; sourceTree = SDKROOT; };
		73E47A5F178A5F3D000C0ED7 /* SimplePanel-Info.plist */ = {isa = PBXFileReference; lastKnownFileType = text.plist.info; path = "SimplePanel-Info.plist"; sourceTree = "<group>"; };
		73E47A61178A5F3D000C0ED7 /* en */ = {isa = PBXFileReference; lastKnownFileType = text.plist.strings; name = en; path = en.lproj/InfoPlist.strings; sourceTree = "<group>"; };
		73E47A63178A5F3D000C0ED7 /* main.m */ = {isa = PBXFileReference; lastKnownFileType = sourcecode.c.objc; path = main.m; sourceTree = "<group>"; };
		73E47A65178A5F3D000C0ED7 /* SimplePanel-Prefix.pch */ = {isa = PBXFileReference; lastKnownFileType = sourcecode.c.h; path = "SimplePanel-Prefix.pch"; sourceTree = "<group>"; };
		73E47A66178A5F3D000C0ED7 /* AppDelegate.h */ = {isa = PBXFileReference; lastKnownFileType = sourcecode.c.h; path = AppDelegate.h; sourceTree = "<group>"; };
		73E47A67178A5F3D000C0ED7 /* AppDelegate.m */ = {isa = PBXFileReference; lastKnownFileType = sourcecode.c.objc; path = AppDelegate.m; sourceTree = "<group>"; };
		73E47A69178A5F3D000C0ED7 /* Default.png */ = {isa = PBXFileReference; lastKnownFileType = image.png; path = Default.png; sourceTree = "<group>"; };
		73E47A6B178A5F3D000C0ED7 /* Default@2x.png */ = {isa = PBXFileReference; lastKnownFileType = image.png; path = "Default@2x.png"; sourceTree = "<group>"; };
		73E47A6D178A5F3D000C0ED7 /* Default-568h@2x.png */ = {isa = PBXFileReference; lastKnownFileType = image.png; path = "Default-568h@2x.png"; sourceTree = "<group>"; };
		73E47A74178A5F3D000C0ED7 /* SimplePanelTests.octest */ = {isa = PBXFileReference; explicitFileType = wrapper.cfbundle; includeInIndex = 0; path = SimplePanelTests.octest; sourceTree = BUILT_PRODUCTS_DIR; };
		73E47A75178A5F3D000C0ED7 /* SenTestingKit.framework */ = {isa = PBXFileReference; lastKnownFileType = wrapper.framework; name = SenTestingKit.framework; path = Library/Frameworks/SenTestingKit.framework; sourceTree = DEVELOPER_DIR; };
		73E47A7D178A5F3D000C0ED7 /* SimplePanelTests-Info.plist */ = {isa = PBXFileReference; lastKnownFileType = text.plist.xml; path = "SimplePanelTests-Info.plist"; sourceTree = "<group>"; };
		73E47A7F178A5F3D000C0ED7 /* en */ = {isa = PBXFileReference; lastKnownFileType = text.plist.strings; name = en; path = en.lproj/InfoPlist.strings; sourceTree = "<group>"; };
		73E47A81178A5F3D000C0ED7 /* SimplePanelTests.h */ = {isa = PBXFileReference; lastKnownFileType = sourcecode.c.h; path = SimplePanelTests.h; sourceTree = "<group>"; };
		73E47A82178A5F3D000C0ED7 /* SimplePanelTests.m */ = {isa = PBXFileReference; lastKnownFileType = sourcecode.c.objc; path = SimplePanelTests.m; sourceTree = "<group>"; };
/* End PBXFileReference section */

/* Begin PBXFrameworksBuildPhase section */
		73E47A51178A5F3D000C0ED7 /* Frameworks */ = {
			isa = PBXFrameworksBuildPhase;
			buildActionMask = 2147483647;
			files = (
				73E47A58178A5F3D000C0ED7 /* UIKit.framework in Frameworks */,
				73E47A5A178A5F3D000C0ED7 /* Foundation.framework in Frameworks */,
				73E47A5C178A5F3D000C0ED7 /* CoreGraphics.framework in Frameworks */,
				17B5CD450E51C83A157A7BD2 /* QuartzCore.framework in Frameworks */,
			);
			runOnlyForDeploymentPostprocessing = 0;
		};
		73E47A70178A5F3D000C0ED7 /* Frameworks */ = {
			isa = PBXFrameworksBuildPhase;
			buildActionMask = 2147483647;
			files = (
				73E47A76178A5F3D000C0ED7 /* SenTestingKit.framework in Frameworks */,
				73E47A77178A5F3D000C0ED7 /* UIKit.framework in Frameworks */,
				73E47A78178A5F3D000C0ED7 /* Foundation.framework in Frameworks */,
			);
			runOnlyForDeploymentPostprocessing = 0;
		};
/* End PBXFrameworksBuildPhase section */

/* Begin PBXGroup section */
		17B5C234AC0852E4C336DA31 /* CustomPanel */ = {
			isa = PBXGroup;
			children = (
				17B5C8A7A4E7D94414A13F6C /* CustomPanel.m */,
				17B5CCC47DD0305DF6A74452 /* CustomPanel.h */,
				17B5C694869B8C78B46BE34D /* CustomPanel.xib */,
			);
			path = CustomPanel;
			sourceTree = "<group>";
		};
		17B5C3934B9E5D3323017022 /* SimplePanel */ = {
			isa = PBXGroup;
			children = (
				17B5CA11F97A0728C3B9CB5C /* SimplePanel.m */,
				17B5C4C3229629F054C106FB /* SimplePanel.h */,
				735169D1178A689800920642 /* SimplePanel.xib */,
				17B5CE9E06FD0C304964D0E9 /* SimplePanelView.m */,
				17B5CED7E6E847DA0E226823 /* SimplePanelView.h */,
			);
			path = SimplePanel;
			sourceTree = "<group>";
		};
		73E47A4B178A5F3D000C0ED7 = {
			isa = PBXGroup;
			children = (
				73E47A5D178A5F3D000C0ED7 /* SimplePanelDemo */,
				73E47A7B178A5F3D000C0ED7 /* SimplePanelTests */,
				73E47A56178A5F3D000C0ED7 /* Frameworks */,
				73E47A55178A5F3D000C0ED7 /* Products */,
				17B5C3934B9E5D3323017022 /* SimplePanel */,
				17B5C5349A0A83BDDC085060 /* readme.md */,
			);
			sourceTree = "<group>";
		};
		73E47A55178A5F3D000C0ED7 /* Products */ = {
			isa = PBXGroup;
			children = (
				73E47A54178A5F3D000C0ED7 /* SimplePanelDemo.app */,
				73E47A74178A5F3D000C0ED7 /* SimplePanelTests.octest */,
			);
			name = Products;
			sourceTree = "<group>";
		};
		73E47A56178A5F3D000C0ED7 /* Frameworks */ = {
			isa = PBXGroup;
			children = (
				73E47A57178A5F3D000C0ED7 /* UIKit.framework */,
				73E47A59178A5F3D000C0ED7 /* Foundation.framework */,
				73E47A5B178A5F3D000C0ED7 /* CoreGraphics.framework */,
				73E47A75178A5F3D000C0ED7 /* SenTestingKit.framework */,
				17B5C06367FA2023948BBB16 /* QuartzCore.framework */,
			);
			name = Frameworks;
			sourceTree = "<group>";
		};
		73E47A5D178A5F3D000C0ED7 /* SimplePanelDemo */ = {
			isa = PBXGroup;
			children = (
				73E47A66178A5F3D000C0ED7 /* AppDelegate.h */,
				73E47A67178A5F3D000C0ED7 /* AppDelegate.m */,
				73E47A5E178A5F3D000C0ED7 /* Supporting Files */,
				17B5CB19C370220E504C7D84 /* DemoViewController.m */,
				17B5C679E88B9371E0A1E77F /* DemoViewController.h */,
				735169CF178A646600920642 /* Storyboard.storyboard */,
				17B5C234AC0852E4C336DA31 /* CustomPanel */,
			);
			path = SimplePanelDemo;
			sourceTree = "<group>";
		};
		73E47A5E178A5F3D000C0ED7 /* Supporting Files */ = {
			isa = PBXGroup;
			children = (
				73E47A5F178A5F3D000C0ED7 /* SimplePanel-Info.plist */,
				73E47A60178A5F3D000C0ED7 /* InfoPlist.strings */,
				73E47A63178A5F3D000C0ED7 /* main.m */,
				73E47A65178A5F3D000C0ED7 /* SimplePanel-Prefix.pch */,
				73E47A69178A5F3D000C0ED7 /* Default.png */,
				73E47A6B178A5F3D000C0ED7 /* Default@2x.png */,
				73E47A6D178A5F3D000C0ED7 /* Default-568h@2x.png */,
			);
			name = "Supporting Files";
			sourceTree = "<group>";
		};
		73E47A7B178A5F3D000C0ED7 /* SimplePanelTests */ = {
			isa = PBXGroup;
			children = (
				73E47A81178A5F3D000C0ED7 /* SimplePanelTests.h */,
				73E47A82178A5F3D000C0ED7 /* SimplePanelTests.m */,
				73E47A7C178A5F3D000C0ED7 /* Supporting Files */,
			);
			path = SimplePanelTests;
			sourceTree = "<group>";
		};
		73E47A7C178A5F3D000C0ED7 /* Supporting Files */ = {
			isa = PBXGroup;
			children = (
				73E47A7D178A5F3D000C0ED7 /* SimplePanelTests-Info.plist */,
				73E47A7E178A5F3D000C0ED7 /* InfoPlist.strings */,
			);
			name = "Supporting Files";
			sourceTree = "<group>";
		};
/* End PBXGroup section */

/* Begin PBXNativeTarget section */
		73E47A53178A5F3D000C0ED7 /* SimplePanelDemo */ = {
			isa = PBXNativeTarget;
			buildConfigurationList = 73E47A86178A5F3D000C0ED7 /* Build configuration list for PBXNativeTarget "SimplePanelDemo" */;
			buildPhases = (
				73E47A50178A5F3D000C0ED7 /* Sources */,
				73E47A51178A5F3D000C0ED7 /* Frameworks */,
				73E47A52178A5F3D000C0ED7 /* Resources */,
			);
			buildRules = (
			);
			dependencies = (
			);
			name = SimplePanelDemo;
			productName = SimplePanel;
			productReference = 73E47A54178A5F3D000C0ED7 /* SimplePanelDemo.app */;
			productType = "com.apple.product-type.application";
		};
		73E47A73178A5F3D000C0ED7 /* SimplePanelTests */ = {
			isa = PBXNativeTarget;
			buildConfigurationList = 73E47A89178A5F3D000C0ED7 /* Build configuration list for PBXNativeTarget "SimplePanelTests" */;
			buildPhases = (
				73E47A6F178A5F3D000C0ED7 /* Sources */,
				73E47A70178A5F3D000C0ED7 /* Frameworks */,
				73E47A71178A5F3D000C0ED7 /* Resources */,
				73E47A72178A5F3D000C0ED7 /* ShellScript */,
			);
			buildRules = (
			);
			dependencies = (
				73E47A7A178A5F3D000C0ED7 /* PBXTargetDependency */,
			);
			name = SimplePanelTests;
			productName = SimplePanelTests;
			productReference = 73E47A74178A5F3D000C0ED7 /* SimplePanelTests.octest */;
			productType = "com.apple.product-type.bundle";
		};
/* End PBXNativeTarget section */

/* Begin PBXProject section */
		73E47A4C178A5F3D000C0ED7 /* Project object */ = {
			isa = PBXProject;
			attributes = {
				LastUpgradeCheck = 0460;
				ORGANIZATIONNAME = azu;
			};
			buildConfigurationList = 73E47A4F178A5F3D000C0ED7 /* Build configuration list for PBXProject "SimplePanel" */;
			compatibilityVersion = "Xcode 3.2";
			developmentRegion = English;
			hasScannedForEncodings = 0;
			knownRegions = (
				en,
			);
			mainGroup = 73E47A4B178A5F3D000C0ED7;
			productRefGroup = 73E47A55178A5F3D000C0ED7 /* Products */;
			projectDirPath = "";
			projectRoot = "";
			targets = (
				73E47A53178A5F3D000C0ED7 /* SimplePanelDemo */,
				73E47A73178A5F3D000C0ED7 /* SimplePanelTests */,
			);
		};
/* End PBXProject section */

/* Begin PBXResourcesBuildPhase section */
		73E47A52178A5F3D000C0ED7 /* Resources */ = {
			isa = PBXResourcesBuildPhase;
			buildActionMask = 2147483647;
			files = (
				73E47A62178A5F3D000C0ED7 /* InfoPlist.strings in Resources */,
				73E47A6A178A5F3D000C0ED7 /* Default.png in Resources */,
				73E47A6C178A5F3D000C0ED7 /* Default@2x.png in Resources */,
				73E47A6E178A5F3D000C0ED7 /* Default-568h@2x.png in Resources */,
				735169D0178A646600920642 /* Storyboard.storyboard in Resources */,
				735169D2178A689800920642 /* SimplePanel.xib in Resources */,
				17B5C329C34E9DDCC439EF24 /* CustomPanel.xib in Resources */,
			);
			runOnlyForDeploymentPostprocessing = 0;
		};
		73E47A71178A5F3D000C0ED7 /* Resources */ = {
			isa = PBXResourcesBuildPhase;
			buildActionMask = 2147483647;
			files = (
				73E47A80178A5F3D000C0ED7 /* InfoPlist.strings in Resources */,
			);
			runOnlyForDeploymentPostprocessing = 0;
		};
/* End PBXResourcesBuildPhase section */

/* Begin PBXShellScriptBuildPhase section */
		73E47A72178A5F3D000C0ED7 /* ShellScript */ = {
			isa = PBXShellScriptBuildPhase;
			buildActionMask = 2147483647;
			files = (
			);
			inputPaths = (
			);
			outputPaths = (
			);
			runOnlyForDeploymentPostprocessing = 0;
			shellPath = /bin/sh;
			shellScript = "# Run the unit tests in this test bundle.\n\"${SYSTEM_DEVELOPER_DIR}/Tools/RunUnitTests\"\n";
		};
/* End PBXShellScriptBuildPhase section */

/* Begin PBXSourcesBuildPhase section */
		73E47A50178A5F3D000C0ED7 /* Sources */ = {
			isa = PBXSourcesBuildPhase;
			buildActionMask = 2147483647;
			files = (
				73E47A64178A5F3D000C0ED7 /* main.m in Sources */,
				73E47A68178A5F3D000C0ED7 /* AppDelegate.m in Sources */,
				17B5C54F369CBB62BF2C4476 /* SimplePanel.m in Sources */,
				17B5C79D5BD0B976F95C460F /* DemoViewController.m in Sources */,
				17B5C9E89923AB2CEF0A6093 /* SimplePanelView.m in Sources */,
				17B5C665D2EC7ACD4E611733 /* CustomPanel.m in Sources */,
			);
			runOnlyForDeploymentPostprocessing = 0;
		};
		73E47A6F178A5F3D000C0ED7 /* Sources */ = {
			isa = PBXSourcesBuildPhase;
			buildActionMask = 2147483647;
			files = (
				73E47A83178A5F3D000C0ED7 /* SimplePanelTests.m in Sources */,
			);
			runOnlyForDeploymentPostprocessing = 0;
		};
/* End PBXSourcesBuildPhase section */

/* Begin PBXTargetDependency section */
		73E47A7A178A5F3D000C0ED7 /* PBXTargetDependency */ = {
			isa = PBXTargetDependency;
			target = 73E47A53178A5F3D000C0ED7 /* SimplePanelDemo */;
			targetProxy = 73E47A79178A5F3D000C0ED7 /* PBXContainerItemProxy */;
		};
/* End PBXTargetDependency section */

/* Begin PBXVariantGroup section */
		73E47A60178A5F3D000C0ED7 /* InfoPlist.strings */ = {
			isa = PBXVariantGroup;
			children = (
				73E47A61178A5F3D000C0ED7 /* en */,
			);
			name = InfoPlist.strings;
			sourceTree = "<group>";
		};
		73E47A7E178A5F3D000C0ED7 /* InfoPlist.strings */ = {
			isa = PBXVariantGroup;
			children = (
				73E47A7F178A5F3D000C0ED7 /* en */,
			);
			name = InfoPlist.strings;
			sourceTree = "<group>";
		};
/* End PBXVariantGroup section */

/* Begin XCBuildConfiguration section */
		73E47A84178A5F3D000C0ED7 /* Debug */ = {
			isa = XCBuildConfiguration;
			buildSettings = {
				ALWAYS_SEARCH_USER_PATHS = NO;
				CLANG_CXX_LANGUAGE_STANDARD = "gnu++0x";
				CLANG_CXX_LIBRARY = "libc++";
				CLANG_ENABLE_OBJC_ARC = YES;
				CLANG_WARN_CONSTANT_CONVERSION = YES;
				CLANG_WARN_EMPTY_BODY = YES;
				CLANG_WARN_ENUM_CONVERSION = YES;
				CLANG_WARN_INT_CONVERSION = YES;
				CLANG_WARN__DUPLICATE_METHOD_MATCH = YES;
				"CODE_SIGN_IDENTITY[sdk=iphoneos*]" = "iPhone Developer";
				COPY_PHASE_STRIP = NO;
				GCC_C_LANGUAGE_STANDARD = gnu99;
				GCC_DYNAMIC_NO_PIC = NO;
				GCC_OPTIMIZATION_LEVEL = 0;
				GCC_PREPROCESSOR_DEFINITIONS = (
					"DEBUG=1",
					"$(inherited)",
				);
				GCC_SYMBOLS_PRIVATE_EXTERN = NO;
				GCC_WARN_ABOUT_RETURN_TYPE = YES;
				GCC_WARN_UNINITIALIZED_AUTOS = YES;
				GCC_WARN_UNUSED_VARIABLE = YES;
				IPHONEOS_DEPLOYMENT_TARGET = 6.1;
				ONLY_ACTIVE_ARCH = YES;
				SDKROOT = iphoneos;
			};
			name = Debug;
		};
		73E47A85178A5F3D000C0ED7 /* Release */ = {
			isa = XCBuildConfiguration;
			buildSettings = {
				ALWAYS_SEARCH_USER_PATHS = NO;
				CLANG_CXX_LANGUAGE_STANDARD = "gnu++0x";
				CLANG_CXX_LIBRARY = "libc++";
				CLANG_ENABLE_OBJC_ARC = YES;
				CLANG_WARN_CONSTANT_CONVERSION = YES;
				CLANG_WARN_EMPTY_BODY = YES;
				CLANG_WARN_ENUM_CONVERSION = YES;
				CLANG_WARN_INT_CONVERSION = YES;
				CLANG_WARN__DUPLICATE_METHOD_MATCH = YES;
				"CODE_SIGN_IDENTITY[sdk=iphoneos*]" = "iPhone Developer";
				COPY_PHASE_STRIP = YES;
				GCC_C_LANGUAGE_STANDARD = gnu99;
				GCC_WARN_ABOUT_RETURN_TYPE = YES;
				GCC_WARN_UNINITIALIZED_AUTOS = YES;
				GCC_WARN_UNUSED_VARIABLE = YES;
				IPHONEOS_DEPLOYMENT_TARGET = 6.1;
				OTHER_CFLAGS = "-DNS_BLOCK_ASSERTIONS=1";
				SDKROOT = iphoneos;
				VALIDATE_PRODUCT = YES;
			};
			name = Release;
		};
		73E47A87178A5F3D000C0ED7 /* Debug */ = {
			isa = XCBuildConfiguration;
			buildSettings = {
				GCC_PRECOMPILE_PREFIX_HEADER = YES;
				GCC_PREFIX_HEADER = "SimplePanelDemo/SimplePanel-Prefix.pch";
				INFOPLIST_FILE = "SimplePanelDemo/SimplePanel-Info.plist";
				IPHONEOS_DEPLOYMENT_TARGET = 5.0;
				PRODUCT_NAME = "$(TARGET_NAME)";
				WRAPPER_EXTENSION = app;
			};
			name = Debug;
		};
		73E47A88178A5F3D000C0ED7 /* Release */ = {
			isa = XCBuildConfiguration;
			buildSettings = {
				GCC_PRECOMPILE_PREFIX_HEADER = YES;
				GCC_PREFIX_HEADER = "SimplePanelDemo/SimplePanel-Prefix.pch";
				INFOPLIST_FILE = "SimplePanelDemo/SimplePanel-Info.plist";
				IPHONEOS_DEPLOYMENT_TARGET = 5.0;
				PRODUCT_NAME = "$(TARGET_NAME)";
				WRAPPER_EXTENSION = app;
			};
			name = Release;
		};
		73E47A8A178A5F3D000C0ED7 /* Debug */ = {
			isa = XCBuildConfiguration;
			buildSettings = {
				BUNDLE_LOADER = "$(BUILT_PRODUCTS_DIR)/SimplePanel.app/SimplePanel";
				FRAMEWORK_SEARCH_PATHS = (
					"\"$(SDKROOT)/Developer/Library/Frameworks\"",
					"\"$(DEVELOPER_LIBRARY_DIR)/Frameworks\"",
				);
				GCC_PRECOMPILE_PREFIX_HEADER = YES;
				GCC_PREFIX_HEADER = "SimplePanel/SimplePanel-Prefix.pch";
				INFOPLIST_FILE = "SimplePanelTests/SimplePanelTests-Info.plist";
				PRODUCT_NAME = "$(TARGET_NAME)";
				TEST_HOST = "$(BUNDLE_LOADER)";
				WRAPPER_EXTENSION = octest;
			};
			name = Debug;
		};
		73E47A8B178A5F3D000C0ED7 /* Release */ = {
			isa = XCBuildConfiguration;
			buildSettings = {
				BUNDLE_LOADER = "$(BUILT_PRODUCTS_DIR)/SimplePanel.app/SimplePanel";
				FRAMEWORK_SEARCH_PATHS = (
					"\"$(SDKROOT)/Developer/Library/Frameworks\"",
					"\"$(DEVELOPER_LIBRARY_DIR)/Frameworks\"",
				);
				GCC_PRECOMPILE_PREFIX_HEADER = YES;
				GCC_PREFIX_HEADER = "SimplePanel/SimplePanel-Prefix.pch";
				INFOPLIST_FILE = "SimplePanelTests/SimplePanelTests-Info.plist";
				PRODUCT_NAME = "$(TARGET_NAME)";
				TEST_HOST = "$(BUNDLE_LOADER)";
				WRAPPER_EXTENSION = octest;
			};
			name = Release;
		};
/* End XCBuildConfiguration section */

/* Begin XCConfigurationList section */
		73E47A4F178A5F3D000C0ED7 /* Build configuration list for PBXProject "SimplePanel" */ = {
			isa = XCConfigurationList;
			buildConfigurations = (
				73E47A84178A5F3D000C0ED7 /* Debug */,
				73E47A85178A5F3D000C0ED7 /* Release */,
			);
			defaultConfigurationIsVisible = 0;
			defaultConfigurationName = Release;
		};
		73E47A86178A5F3D000C0ED7 /* Build configuration list for PBXNativeTarget "SimplePanelDemo" */ = {
			isa = XCConfigurationList;
			buildConfigurations = (
				73E47A87178A5F3D000C0ED7 /* Debug */,
				73E47A88178A5F3D000C0ED7 /* Release */,
			);
			defaultConfigurationIsVisible = 0;
			defaultConfigurationName = Release;
		};
		73E47A89178A5F3D000C0ED7 /* Build configuration list for PBXNativeTarget "SimplePanelTests" */ = {
			isa = XCConfigurationList;
			buildConfigurations = (
				73E47A8A178A5F3D000C0ED7 /* Debug */,
				73E47A8B178A5F3D000C0ED7 /* Release */,
			);
			defaultConfigurationIsVisible = 0;
			defaultConfigurationName = Release;
		};
/* End XCConfigurationList section */
	};
	rootObject = 73E47A4C178A5F3D000C0ED7 /* Project object */;
}
